
Microsoft Visual Studio Solution File, Format Version 12.00
# Visual Studio Version 16
VisualStudioVersion = 16.0.810.16
MinimumVisualStudioVersion = 10.0.40219.1
Project("{FAE04EC0-301F-11D3-BF4B-00C04F79EFBC}") = "MyFirstASPNETWebApp", "MyFirstASPNETWebApp\MyFirstASPNETWebApp.csproj", "{8E46D85A-A042-481F-8A22-4811B5A53518}"
EndProject
Global
	GlobalSection(SolutionConfigurationPlatforms) = preSolution
		Debug|Any CPU = Debug|Any CPU
		Release|Any CPU = Release|Any CPU
	EndGlobalSection
	GlobalSection(ProjectConfigurationPlatforms) = postSolution
		{8E46D85A-A042-481F-8A22-4811B5A53518}.Debug|Any CPU.ActiveCfg = Debug|Any CPU
		{8E46D85A-A042-481F-8A22-4811B5A53518}.Debug|Any CPU.Build.0 = Debug|Any CPU
		{8E46D85A-A042-481F-8A22-4811B5A53518}.Release|Any CPU.ActiveCfg = Release|Any CPU
		{8E46D85A-A042-481F-8A22-4811B5A53518}.Release|Any CPU.Build.0 = Release|Any CPU
	EndGlobalSection
	GlobalSection(SolutionProperties) = preSolution
		HideSolutionNode = FALSE
	EndGlobalSection
	GlobalSection(ExtensibilityGlobals) = postSolution
		SolutionGuid = {79DA537C-08DA-4F90-ADD4-A3622F9EBF53}
	EndGlobalSection
EndGlobal
